
Microsoft Visual Studio Solution File, Format Version 12.00
# Visual Studio Version 16
VisualStudioVersion = 16.0.31515.178
MinimumVisualStudioVersion = 10.0.40219.1
Project("{8BC9CEB8-8B4A-11D0-8D11-00A0C91BC942}") = "AudioHookServer", "AudioHookServer.vcxproj", "{2D27E713-A04D-465E-8555-EF052717E016}"
EndProject
Global
	GlobalSection(SolutionConfigurationPlatforms) = preSolution
		Debug|x64 = Debug|x64
		Debug|x86 = Debug|x86
		DebugCon|x64 = DebugCon|x64
		DebugCon|x86 = DebugCon|x86
		Release|x64 = Release|x64
		Release|x86 = Release|x86
		ReleaseSA|x64 = ReleaseSA|x64
		ReleaseSA|x86 = ReleaseSA|x86
	EndGlobalSection
	GlobalSection(ProjectConfigurationPlatforms) = postSolution
		{2D27E713-A04D-465E-8555-EF052717E016}.Debug|x64.ActiveCfg = Debug|x64
		{2D27E713-A04D-465E-8555-EF052717E016}.Debug|x64.Build.0 = Debug|x64
		{2D27E713-A04D-465E-8555-EF052717E016}.Debug|x86.ActiveCfg = Debug|Win32
		{2D27E713-A04D-465E-8555-EF052717E016}.Debug|x86.Build.0 = Debug|Win32
		{2D27E713-A04D-465E-8555-EF052717E016}.DebugCon|x64.ActiveCfg = DebugCon|x64
		{2D27E713-A04D-465E-8555-EF052717E016}.DebugCon|x64.Build.0 = DebugCon|x64
		{2D27E713-A04D-465E-8555-EF052717E016}.DebugCon|x86.ActiveCfg = DebugCon|Win32
		{2D27E713-A04D-465E-8555-EF052717E016}.DebugCon|x86.Build.0 = DebugCon|Win32
		{2D27E713-A04D-465E-8555-EF052717E016}.Release|x64.ActiveCfg = Release|x64
		{2D27E713-A04D-465E-8555-EF052717E016}.Release|x64.Build.0 = Release|x64
		{2D27E713-A04D-465E-8555-EF052717E016}.Release|x86.ActiveCfg = Release|Win32
		{2D27E713-A04D-465E-8555-EF052717E016}.Release|x86.Build.0 = Release|Win32
		{2D27E713-A04D-465E-8555-EF052717E016}.ReleaseSA|x64.ActiveCfg = ReleaseSA|x64
		{2D27E713-A04D-465E-8555-EF052717E016}.ReleaseSA|x64.Build.0 = ReleaseSA|x64
		{2D27E713-A04D-465E-8555-EF052717E016}.ReleaseSA|x86.ActiveCfg = ReleaseSA|Win32
		{2D27E713-A04D-465E-8555-EF052717E016}.ReleaseSA|x86.Build.0 = ReleaseSA|Win32
	EndGlobalSection
	GlobalSection(SolutionProperties) = preSolution
		HideSolutionNode = FALSE
	EndGlobalSection
	GlobalSection(ExtensibilityGlobals) = postSolution
		SolutionGuid = {09E3660B-1C4D-4B35-8AE8-0B9606343BAB}
	EndGlobalSection
EndGlobal
